# THIS IS AN AUTOGENERATED FILE. DO NOT EDIT THIS FILE DIRECTLY.
# yarn lockfile v1


vuetify@^2.3.8:
  version "2.3.8"
  resolved "https://registry.yarnpkg.com/vuetify/-/vuetify-2.3.8.tgz#4b468f0eaa780107d6a89249856e46f96e1e1bda"
  integrity sha512-T754w4jV3eeuEwEfRTpHdlo76ZRUVTBeMMzVyqSEr61AfhDSYf9rJfHOlhfXG4aaQbZ34dRR48bzRiS4ICz2fQ==
